{
  "name": "ajs_1",
  "version": "1.0.0",
  "lockfileVersion": 3,
  "requires": true,
  "packages": {
    "": {
      "name": "ajs_1",
      "version": "1.0.0",
      "license": "ISC",
      "dependencies": {
        "@vladvolkov71/ajs": "^1.0.0"
      }
    },
    "node_modules/@vladvolkov71/ajs": {
      "version": "1.0.0",
      "resolved": "https://npm.pkg.github.com/download/@vladvolkov71/ajs/1.0.0/39f83f3831d5bf1e25741a10dd2409db0d76ef9e",
      "integrity": "sha512-cAmXtCFA8rLeU0j9b6I1/8GK2ej1qP4/NsqszaWY5lD+g6bFZbU8AGuDUa+QfXBT0fqFivf/6bVmytflOJ0D9g==",
      "license": "ISC"
    }
  }
}
